{
    "_readme": [
        "This file locks the dependencies of your project to a known state",
        "Read more about it at https://getcomposer.org/doc/01-basic-usage.md#composer-lock-the-lock-file",
        "This file is @generated automatically"
    ],
    "content-hash": "a0c383ba571e7c969e958e5cadc976bb",
    "packages": [
        {
            "name": "bacon/bacon-qr-code",
            "version": "1.0.3",
            "source": {
                "type": "git",
                "url": "https://github.com/Bacon/BaconQrCode.git",
                "reference": "5a91b62b9d37cee635bbf8d553f4546057250bee"
            },
            "dist": {
                "type": "zip",
                "url": "https://api.github.com/repos/Bacon/BaconQrCode/zipball/5a91b62b9d37cee635bbf8d553f4546057250bee",
                "reference": "5a91b62b9d37cee635bbf8d553f4546057250bee",
                "shasum": ""
            },
            "require": {
                "ext-iconv": "*",
                "php": "^5.4|^7.0"
            },
            "require-dev": {
                "phpunit/phpunit": "^4.8"
            },
            "suggest": {
                "ext-gd": "to generate QR code images"
            },
            "type": "library",
            "autoload": {
                "psr-0": {
                    "BaconQrCode": "src/"
                }
            },
            "notification-url": "https://packagist.org/downloads/",
            "license": [
                "BSD-2-Clause"
            ],
            "authors": [
                {
                    "name": "Ben Scholzen 'DASPRiD'",
                    "email": "mail@dasprids.de",
                    "homepage": "http://www.dasprids.de",
                    "role": "Developer"
                }
            ],
            "description": "BaconQrCode is a QR code generator for PHP.",
            "homepage": "https://github.com/Bacon/BaconQrCode",
            "time": "2017-10-17T09:59:25+00:00"
        },
        {
            "name": "cocur/slugify",
            "version": "v3.2",
            "source": {
                "type": "git",
                "url": "https://github.com/cocur/slugify.git",
                "reference": "d41701efe58ba2df9cae029c3d21e1518cc6780e"
            },
            "dist": {
                "type": "zip",
                "url": "https://api.github.com/repos/cocur/slugify/zipball/d41701efe58ba2df9cae029c3d21e1518cc6780e",
                "reference": "d41701efe58ba2df9cae029c3d21e1518cc6780e",
                "shasum": ""
            },
            "require": {
                "ext-mbstring": "*",
                "php": ">=5.5.9"
            },
            "require-dev": {
                "laravel/framework": "~5.1",
                "latte/latte": "~2.2",
                "league/container": "^2.2.0",
                "mikey179/vfsstream": "~1.6",
                "mockery/mockery": "~0.9",
                "nette/di": "~2.2",
                "phpunit/phpunit": "~4.8.36|~5.2",
                "pimple/pimple": "~1.1",
                "plumphp/plum": "~0.1",
                "silex/silex": "~1.3",
                "symfony/config": "~2.4|~3.0|~4.0",
                "symfony/dependency-injection": "~2.4|~3.0|~4.0",
                "symfony/http-kernel": "~2.4|~3.0|~4.0",
                "twig/twig": "~1.26|~2.0",
                "zendframework/zend-modulemanager": "~2.2",
                "zendframework/zend-servicemanager": "~2.2",
                "zendframework/zend-view": "~2.2"
            },
            "type": "library",
            "autoload": {
                "psr-4": {
                    "Cocur\\Slugify\\": "src"
                }
            },
            "notification-url": "https://packagist.org/downloads/",
            "license": [
                "MIT"
            ],
            "authors": [
                {
                    "name": "Ivo Bathke",
                    "email": "ivo.bathke@gmail.com"
                },
                {
                    "name": "Florian Eckerstorfer",
                    "email": "florian@eckerstorfer.co",
                    "homepage": "https://florian.ec"
                }
            ],
            "description": "Converts a string into a slug.",
            "keywords": [
                "slug",
                "slugify"
            ],
            "time": "2019-01-31T20:38:55+00:00"
        },
        {
            "name": "dompdf/dompdf",
            "version": "v0.8.5",
            "source": {
                "type": "git",
                "url": "https://github.com/dompdf/dompdf.git",
                "reference": "6782abfc090b132134cd6cea0ec6d76f0fce2c56"
            },
            "dist": {
                "type": "zip",
                "url": "https://api.github.com/repos/dompdf/dompdf/zipball/6782abfc090b132134cd6cea0ec6d76f0fce2c56",
                "reference": "6782abfc090b132134cd6cea0ec6d76f0fce2c56",
                "shasum": ""
            },
            "require": {
                "ext-dom": "*",
                "ext-mbstring": "*",
                "phenx/php-font-lib": "^0.5.1",
                "phenx/php-svg-lib": "^0.3.3",
                "php": "^7.1"
            },
            "require-dev": {
                "phpunit/phpunit": "^7.5",
                "squizlabs/php_codesniffer": "^3.5"
            },
            "suggest": {
                "ext-gd": "Needed to process images",
                "ext-gmagick": "Improves image processing performance",
                "ext-imagick": "Improves image processing performance"
            },
            "type": "library",
            "extra": {
                "branch-alias": {
                    "dev-develop": "0.7-dev"
                }
            },
            "autoload": {
                "psr-4": {
                    "Dompdf\\": "src/"
                },
                "classmap": [
                    "lib/"
                ]
            },
            "notification-url": "https://packagist.org/downloads/",
            "license": [
                "LGPL-2.1"
            ],
            "authors": [
                {
                    "name": "Fabien Ménager",
                    "email": "fabien.menager@gmail.com"
                },
                {
                    "name": "Brian Sweeney",
                    "email": "eclecticgeek@gmail.com"
                },
                {
                    "name": "Gabriel Bull",
                    "email": "me@gabrielbull.com"
                }
            ],
            "description": "DOMPDF is a CSS 2.1 compliant HTML to PDF converter",
            "homepage": "https://github.com/dompdf/dompdf",
            "time": "2020-02-20T03:52:51+00:00"
        },
        {
            "name": "firebase/php-jwt",
            "version": "v5.2.0",
            "source": {
                "type": "git",
                "url": "https://github.com/firebase/php-jwt.git",
                "reference": "feb0e820b8436873675fd3aca04f3728eb2185cb"
            },
            "dist": {
                "type": "zip",
                "url": "https://api.github.com/repos/firebase/php-jwt/zipball/feb0e820b8436873675fd3aca04f3728eb2185cb",
                "reference": "feb0e820b8436873675fd3aca04f3728eb2185cb",
                "shasum": ""
            },
            "require": {
                "php": ">=5.3.0"
            },
            "require-dev": {
                "phpunit/phpunit": ">=4.8 <=9"
            },
            "type": "library",
            "autoload": {
                "psr-4": {
                    "Firebase\\JWT\\": "src"
                }
            },
            "notification-url": "https://packagist.org/downloads/",
            "license": [
                "BSD-3-Clause"
            ],
            "authors": [
                {
                    "name": "Neuman Vong",
                    "email": "neuman+pear@twilio.com",
                    "role": "Developer"
                },
                {
                    "name": "Anant Narayanan",
                    "email": "anant@php.net",
                    "role": "Developer"
                }
            ],
            "description": "A simple library to encode and decode JSON Web Tokens (JWT) in PHP. Should conform to the current spec.",
            "homepage": "https://github.com/firebase/php-jwt",
            "keywords": [
                "jwt",
                "php"
            ],
            "time": "2020-03-25T18:49:23+00:00"
        },
        {
            "name": "jbroadway/urlify",
            "version": "1.2.2-stable",
            "source": {
                "type": "git",
                "url": "https://github.com/jbroadway/urlify.git",
                "reference": "9b227e8548f16268cef55b5eb5d659a801fa824b"
            },
            "dist": {
                "type": "zip",
                "url": "https://api.github.com/repos/jbroadway/urlify/zipball/9b227e8548f16268cef55b5eb5d659a801fa824b",
                "reference": "9b227e8548f16268cef55b5eb5d659a801fa824b",
                "shasum": ""
            },
            "require": {
                "php": ">=7.2.0",
                "voku/portable-ascii": "^1.4",
                "voku/stop-words": "^2.0"
            },
            "require-dev": {
                "phpunit/phpunit": "~6.0 || ~7.0"
            },
            "type": "library",
            "extra": {
                "branch-alias": {
                    "dev-master": "1.0-dev"
                }
            },
            "autoload": {
                "psr-0": {
                    "URLify": ""
                }
            },
            "notification-url": "https://packagist.org/downloads/",
            "license": [
                "BSD-3-Clause-Clear"
            ],
            "authors": [
                {
                    "name": "Johnny Broadway",
                    "email": "johnny@johnnybroadway.com",
                    "homepage": "http://www.johnnybroadway.com/"
                }
            ],
            "description": "PHP port of URLify.js from the Django project. Transliterates non-ascii characters for use in URLs.",
            "homepage": "https://github.com/jbroadway/urlify",
            "keywords": [
                "encode",
                "iconv",
                "link",
                "slug",
                "translit",
                "transliterate",
                "transliteration",
                "url",
                "urlify"
            ],
            "time": "2020-06-14T17:15:34+00:00"
        },
        {
            "name": "linfo/linfo",
            "version": "v4.0.4",
            "source": {
                "type": "git",
                "url": "git@github.com:jrgp/linfo.git",
                "reference": "2cd1edf906b9ee4dbecfac7a4829d45ce9d585c0"
            },
            "dist": {
                "type": "zip",
                "url": "https://api.github.com/repos/jrgp/linfo/zipball/2cd1edf906b9ee4dbecfac7a4829d45ce9d585c0",
                "reference": "2cd1edf906b9ee4dbecfac7a4829d45ce9d585c0",
                "shasum": ""
            },
            "require": {
                "ext-pcre": "*",
                "php": ">=5.4.0"
            },
            "require-dev": {
                "phpunit/phpunit": "4.8.*"
            },
            "suggest": {
                "ext-com": "On Windows"
            },
            "type": "library",
            "autoload": {
                "psr-4": {
                    "Linfo\\": "src/Linfo"
                }
            },
            "notification-url": "https://packagist.org/downloads/",
            "license": [
                "MIT"
            ],
            "authors": [
                {
                    "name": "Joe Gillotti",
                    "email": "joe@joegillotti.com",
                    "homepage": "http://joegillotti.com",
                    "role": "Author"
                }
            ],
            "description": "App and library for easily parsing and displaying system information of the host, like network/torrents/cpu/memory/usb/pci/sound cards/filesystems/raid array/ipmi/etc.",
            "homepage": "http://github.com/jrgp/linfo",
            "keywords": [
                "CPU",
                "health",
                "linux",
                "specs",
                "system"
            ],
            "time": "2019-10-21T21:47:56+00:00"
        },
        {
            "name": "pablodalloglio/ole",
            "version": "dev-master",
            "source": {
                "type": "git",
                "url": "https://github.com/pablodalloglio/ole.git",
                "reference": "b5698257fc21f3a8734c63c9224df9c48cba8d6f"
            },
            "dist": {
                "type": "zip",
                "url": "https://api.github.com/repos/pablodalloglio/ole/zipball/b5698257fc21f3a8734c63c9224df9c48cba8d6f",
                "reference": "b5698257fc21f3a8734c63c9224df9c48cba8d6f",
                "shasum": ""
            },
            "type": "library",
            "autoload": {
                "psr-0": {
                    "OLE": "./"
                }
            },
            "include-path": [
                "./"
            ],
            "license": [
                "PHP"
            ],
            "authors": [
                {
                    "email": "schmidt@php.net",
                    "name": "Christian Schmidt",
                    "role": "Lead"
                },
                {
                    "email": "xnoguer@php.net",
                    "name": "Xavier Noguer",
                    "role": "Lead"
                }
            ],
            "description": "More info available on: http://pear.php.net/package/OLE",
            "support": {
                "issues": "http://pear.php.net/bugs/search.php?cmd=display&package_name[]=OLE",
                "source": "https://github.com/pablodalloglio/OLE"
            },
            "time": "2018-04-26T14:25:39+00:00"
        },
        {
            "name": "pablodalloglio/spreadsheet_excel_writer",
            "version": "dev-master",
            "source": {
                "type": "git",
                "url": "https://github.com/pablodalloglio/spreadsheet_excel_writer.git",
                "reference": "84e5c1a4aa9b93ba1750c33ece6ae25eb19d2851"
            },
            "dist": {
                "type": "zip",
                "url": "https://api.github.com/repos/pablodalloglio/spreadsheet_excel_writer/zipball/84e5c1a4aa9b93ba1750c33ece6ae25eb19d2851",
                "reference": "84e5c1a4aa9b93ba1750c33ece6ae25eb19d2851",
                "shasum": ""
            },
            "require": {
                "pablodalloglio/ole": "*",
                "php": ">=5.3.3"
            },
            "type": "library",
            "autoload": {
                "psr-0": {
                    "Spreadsheet": ""
                }
            },
            "autoload-dev": {
                "psr-0": {
                    "Test": "test"
                }
            },
            "include-path": [
                "./"
            ],
            "license": [
                "LGPL"
            ],
            "authors": [
                {
                    "email": "cschmitz@limesurvey.org",
                    "name": "Carsten Schmitz",
                    "role": "Lead"
                },
                {
                    "email": "xnoguer@php.net",
                    "name": "Xavier Noguer",
                    "role": "Lead"
                },
                {
                    "email": "progi1984@gmail.com",
                    "name": "Franck Lefevre",
                    "role": "Developer"
                },
                {
                    "email": "tuupola@appelsiini.net",
                    "name": "Mika Tuupola",
                    "role": "Developer"
                }
            ],
            "description": "More info available on: http://pear.php.net/package/Spreadsheet_Excel_Writer",
            "support": {
                "issues": "http://pear.php.net/bugs/search.php?cmd=display&package_name[]=Spreadsheet_Excel_Writer",
                "source": "https://github.com/pear/Spreadsheet_Excel_Writer"
            },
            "time": "2018-04-26T14:06:36+00:00"
        },
        {
            "name": "phenx/php-font-lib",
            "version": "0.5.2",
            "source": {
                "type": "git",
                "url": "https://github.com/PhenX/php-font-lib.git",
                "reference": "ca6ad461f032145fff5971b5985e5af9e7fa88d8"
            },
            "dist": {
                "type": "zip",
                "url": "https://api.github.com/repos/PhenX/php-font-lib/zipball/ca6ad461f032145fff5971b5985e5af9e7fa88d8",
                "reference": "ca6ad461f032145fff5971b5985e5af9e7fa88d8",
                "shasum": ""
            },
            "require-dev": {
                "phpunit/phpunit": "^4.8.35 || ^5 || ^6 || ^7"
            },
            "type": "library",
            "autoload": {
                "psr-4": {
                    "FontLib\\": "src/FontLib"
                }
            },
            "notification-url": "https://packagist.org/downloads/",
            "license": [
                "LGPL-3.0"
            ],
            "authors": [
                {
                    "name": "Fabien Ménager",
                    "email": "fabien.menager@gmail.com"
                }
            ],
            "description": "A library to read, parse, export and make subsets of different types of font files.",
            "homepage": "https://github.com/PhenX/php-font-lib",
            "time": "2020-03-08T15:31:32+00:00"
        },
        {
            "name": "phenx/php-svg-lib",
            "version": "v0.3.3",
            "source": {
                "type": "git",
                "url": "https://github.com/PhenX/php-svg-lib.git",
                "reference": "5fa61b65e612ce1ae15f69b3d223cb14ecc60e32"
            },
            "dist": {
                "type": "zip",
                "url": "https://api.github.com/repos/PhenX/php-svg-lib/zipball/5fa61b65e612ce1ae15f69b3d223cb14ecc60e32",
                "reference": "5fa61b65e612ce1ae15f69b3d223cb14ecc60e32",
                "shasum": ""
            },
            "require": {
                "sabberworm/php-css-parser": "^8.3"
            },
            "require-dev": {
                "phpunit/phpunit": "^5.5|^6.5"
            },
            "type": "library",
            "autoload": {
                "psr-4": {
                    "Svg\\": "src/Svg"
                }
            },
            "notification-url": "https://packagist.org/downloads/",
            "license": [
                "LGPL-3.0"
            ],
            "authors": [
                {
                    "name": "Fabien Ménager",
                    "email": "fabien.menager@gmail.com"
                }
            ],
            "description": "A library to read, parse and export to PDF SVG files.",
            "homepage": "https://github.com/PhenX/php-svg-lib",
            "time": "2019-09-11T20:02:13+00:00"
        },
        {
            "name": "phpmailer/phpmailer",
            "version": "v6.1.6",
            "source": {
                "type": "git",
                "url": "https://github.com/PHPMailer/PHPMailer.git",
                "reference": "c2796cb1cb99d7717290b48c4e6f32cb6c60b7b3"
            },
            "dist": {
                "type": "zip",
                "url": "https://api.github.com/repos/PHPMailer/PHPMailer/zipball/c2796cb1cb99d7717290b48c4e6f32cb6c60b7b3",
                "reference": "c2796cb1cb99d7717290b48c4e6f32cb6c60b7b3",
                "shasum": ""
            },
            "require": {
                "ext-ctype": "*",
                "ext-filter": "*",
                "php": ">=5.5.0"
            },
            "require-dev": {
                "doctrine/annotations": "^1.2",
                "friendsofphp/php-cs-fixer": "^2.2",
                "phpunit/phpunit": "^4.8 || ^5.7"
            },
            "suggest": {
                "ext-mbstring": "Needed to send email in multibyte encoding charset",
                "hayageek/oauth2-yahoo": "Needed for Yahoo XOAUTH2 authentication",
                "league/oauth2-google": "Needed for Google XOAUTH2 authentication",
                "psr/log": "For optional PSR-3 debug logging",
                "stevenmaguire/oauth2-microsoft": "Needed for Microsoft XOAUTH2 authentication",
                "symfony/polyfill-mbstring": "To support UTF-8 if the Mbstring PHP extension is not enabled (^1.2)"
            },
            "type": "library",
            "autoload": {
                "psr-4": {
                    "PHPMailer\\PHPMailer\\": "src/"
                }
            },
            "notification-url": "https://packagist.org/downloads/",
            "license": [
                "LGPL-2.1-only"
            ],
            "authors": [
                {
                    "name": "Marcus Bointon",
                    "email": "phpmailer@synchromedia.co.uk"
                },
                {
                    "name": "Jim Jagielski",
                    "email": "jimjag@gmail.com"
                },
                {
                    "name": "Andy Prevost",
                    "email": "codeworxtech@users.sourceforge.net"
                },
                {
                    "name": "Brent R. Matzelle"
                }
            ],
            "description": "PHPMailer is a full-featured email creation and transfer class for PHP",
            "time": "2020-05-27T12:24:03+00:00"
        },
        {
            "name": "phprtflite/phprtflite",
            "version": "v1.3.3",
            "source": {
                "type": "git",
                "url": "https://github.com/phprtflite/PHPRtfLite.git",
                "reference": "eef76d965fc7a0cb4c7342f229f67ad4793c61c2"
            },
            "dist": {
                "type": "zip",
                "url": "https://api.github.com/repos/phprtflite/PHPRtfLite/zipball/eef76d965fc7a0cb4c7342f229f67ad4793c61c2",
                "reference": "eef76d965fc7a0cb4c7342f229f67ad4793c61c2",
                "shasum": ""
            },
            "type": "library",
            "autoload": {
                "psr-0": {
                    "PHPRtfLite": "lib/"
                }
            },
            "notification-url": "https://packagist.org/downloads/",
            "license": [
                "GPL-3.0"
            ],
            "authors": [
                {
                    "name": "Steffen Zeidler",
                    "email": "sigma_z@sigma-scripts.de"
                }
            ],
            "description": "PHPRtfLite is an API enabling developers to create rtf documents with php.",
            "time": "2014-07-04T19:43:18+00:00"
        },
        {
            "name": "picqer/php-barcode-generator",
            "version": "v0.2.2",
            "source": {
                "type": "git",
                "url": "https://github.com/picqer/php-barcode-generator.git",
                "reference": "f754cbd592f3131af144dfcc6a3090fd0f6d1793"
            },
            "dist": {
                "type": "zip",
                "url": "https://api.github.com/repos/picqer/php-barcode-generator/zipball/f754cbd592f3131af144dfcc6a3090fd0f6d1793",
                "reference": "f754cbd592f3131af144dfcc6a3090fd0f6d1793",
                "shasum": ""
            },
            "require": {
                "php": ">=5.4.0"
            },
            "require-dev": {
                "phpunit/phpunit": "^5.3"
            },
            "type": "library",
            "autoload": {
                "psr-4": {
                    "Picqer\\Barcode\\": "src"
                }
            },
            "notification-url": "https://packagist.org/downloads/",
            "license": [
                "LGPLv3"
            ],
            "authors": [
                {
                    "name": "Nicola Asuni",
                    "email": "info@tecnick.com",
                    "homepage": "http://nicolaasuni.tecnick.com"
                },
                {
                    "name": "Casper Bakker",
                    "email": "info@picqer.com"
                }
            ],
            "description": "An easy to use, non-bloated, barcode generator in PHP. Creates SVG, PNG, JPG and HTML images from the most used 1D barcode standards.",
            "homepage": "http://github.com/picqer/php-barcode-generator",
            "keywords": [
                "CODABAR",
                "Code11",
                "Code93",
                "EAN13",
                "KIX",
                "KIXCODE",
                "MSI",
                "POSTNET",
                "Pharma",
                "Standard 2 of 5",
                "barcode",
                "barcode generator",
                "code128",
                "code39",
                "ean",
                "html",
                "jpeg",
                "jpg",
                "php",
                "png",
                "svg",
                "upc"
            ],
            "time": "2017-09-28T19:23:19+00:00"
        },
        {
            "name": "rosell-dk/image-mime-type-guesser",
            "version": "0.3",
            "source": {
                "type": "git",
                "url": "https://github.com/rosell-dk/image-mime-type-guesser.git",
                "reference": "204fd61ca81e3b0ba46c6165dab8f74816b1fe99"
            },
            "dist": {
                "type": "zip",
                "url": "https://api.github.com/repos/rosell-dk/image-mime-type-guesser/zipball/204fd61ca81e3b0ba46c6165dab8f74816b1fe99",
                "reference": "204fd61ca81e3b0ba46c6165dab8f74816b1fe99",
                "shasum": ""
            },
            "require-dev": {
                "friendsofphp/php-cs-fixer": "^2.11",
                "phpunit/phpunit": "^5.7.27",
                "squizlabs/php_codesniffer": "3.*"
            },
            "type": "library",
            "extra": {
                "scripts-descriptions": {
                    "ci": "Run tests before CI",
                    "phpcs": "Checks coding styles (PSR2) of file/dir, which you must supply. To check all, supply 'src'",
                    "phpcbf": "Fix coding styles (PSR2) of file/dir, which you must supply. To fix all, supply 'src'",
                    "cs-fix-all": "Fix the coding style of all the source files, to comply with the PSR-2 coding standard",
                    "cs-fix": "Fix the coding style of a PHP file or directory, which you must specify.",
                    "test": "Launches the preconfigured PHPUnit"
                }
            },
            "autoload": {
                "psr-4": {
                    "ImageMimeTypeGuesser\\": "src/"
                }
            },
            "notification-url": "https://packagist.org/downloads/",
            "license": [
                "MIT"
            ],
            "authors": [
                {
                    "name": "Bjørn Rosell",
                    "homepage": "https://www.bitwise-it.dk/contact",
                    "role": "Project Author"
                }
            ],
            "description": "Guess mime type of images",
            "keywords": [
                "image",
                "images",
                "mime",
                "mime type"
            ],
            "time": "2019-03-29T09:33:28+00:00"
        },
        {
            "name": "rosell-dk/webp-convert",
            "version": "2.3.2",
            "source": {
                "type": "git",
                "url": "https://github.com/rosell-dk/webp-convert.git",
                "reference": "5da7989e87cc0b6c61a5fd73262ed28999be27ab"
            },
            "dist": {
                "type": "zip",
                "url": "https://api.github.com/repos/rosell-dk/webp-convert/zipball/5da7989e87cc0b6c61a5fd73262ed28999be27ab",
                "reference": "5da7989e87cc0b6c61a5fd73262ed28999be27ab",
                "shasum": ""
            },
            "require": {
                "php": "^5.6 | ^7.0",
                "rosell-dk/image-mime-type-guesser": "^0.3"
            },
            "require-dev": {
                "friendsofphp/php-cs-fixer": "^2.11",
                "phpunit/phpunit": "5.7.27",
                "squizlabs/php_codesniffer": "3.*"
            },
            "suggest": {
                "ext-gd": "to use GD extension for converting. Note: Gd must be compiled with webp support",
                "ext-imagick": "to use Imagick extension for converting. Note: Gd must be compiled with webp support",
                "ext-vips": "to use Vips extension for converting.",
                "php-stan/php-stan": "Suggested for dev, in order to analyse code before committing"
            },
            "type": "library",
            "extra": {
                "scripts-descriptions": {
                    "ci": "Run tests before CI",
                    "phpcs": "Checks coding styles (PSR2) of file/dir, which you must supply. To check all, supply 'src'",
                    "phpcbf": "Fix coding styles (PSR2) of file/dir, which you must supply. To fix all, supply 'src'",
                    "cs-fix-all": "Fix the coding style of all the source files, to comply with the PSR-2 coding standard",
                    "cs-fix": "Fix the coding style of a PHP file or directory, which you must specify.",
                    "test": "Launches the preconfigured PHPUnit"
                }
            },
            "autoload": {
                "psr-4": {
                    "WebPConvert\\": "src/"
                }
            },
            "notification-url": "https://packagist.org/downloads/",
            "license": [
                "MIT"
            ],
            "authors": [
                {
                    "name": "Bjørn Rosell",
                    "homepage": "https://www.bitwise-it.dk/contact",
                    "role": "Project Author"
                },
                {
                    "name": "Martin Folkers",
                    "homepage": "https://twobrain.io",
                    "role": "Collaborator"
                }
            ],
            "description": "Convert JPEG & PNG to WebP with PHP",
            "keywords": [
                "Webp",
                "cwebp",
                "gd",
                "image conversion",
                "images",
                "imagick",
                "jpg",
                "jpg2webp",
                "png",
                "png2webp"
            ],
            "time": "2020-04-18T14:41:50+00:00"
        },
        {
            "name": "sabberworm/php-css-parser",
            "version": "8.3.1",
            "source": {
                "type": "git",
                "url": "https://github.com/sabberworm/PHP-CSS-Parser.git",
                "reference": "d217848e1396ef962fb1997cf3e2421acba7f796"
            },
            "dist": {
                "type": "zip",
                "url": "https://api.github.com/repos/sabberworm/PHP-CSS-Parser/zipball/d217848e1396ef962fb1997cf3e2421acba7f796",
                "reference": "d217848e1396ef962fb1997cf3e2421acba7f796",
                "shasum": ""
            },
            "require": {
                "php": ">=5.3.2"
            },
            "require-dev": {
                "codacy/coverage": "^1.4",
                "phpunit/phpunit": "~4.8"
            },
            "type": "library",
            "autoload": {
                "psr-0": {
                    "Sabberworm\\CSS": "lib/"
                }
            },
            "notification-url": "https://packagist.org/downloads/",
            "license": [
                "MIT"
            ],
            "authors": [
                {
                    "name": "Raphael Schweikert"
                }
            ],
            "description": "Parser for CSS Files written in PHP",
            "homepage": "http://www.sabberworm.com/blog/2010/6/10/php-css-parser",
            "keywords": [
                "css",
                "parser",
                "stylesheet"
            ],
            "time": "2020-06-01T09:10:00+00:00"
        },
        {
            "name": "tburry/pquery",
            "version": "v1.1.1",
            "source": {
                "type": "git",
                "url": "https://github.com/tburry/pquery.git",
                "reference": "872339ffd38d261c4417ea1855428b1b4ff9abf1"
            },
            "dist": {
                "type": "zip",
                "url": "https://api.github.com/repos/tburry/pquery/zipball/872339ffd38d261c4417ea1855428b1b4ff9abf1",
                "reference": "872339ffd38d261c4417ea1855428b1b4ff9abf1",
                "shasum": ""
            },
            "require": {
                "php": ">=5.3.0"
            },
            "require-dev": {
                "htmlawed/htmlawed": "dev-master"
            },
            "type": "library",
            "autoload": {
                "classmap": [
                    "IQuery.php",
                    "gan_formatter.php",
                    "gan_node_html.php",
                    "gan_parser_html.php",
                    "gan_selector_html.php",
                    "gan_tokenizer.php",
                    "gan_xml2array.php",
                    "pQuery.php"
                ]
            },
            "notification-url": "https://packagist.org/downloads/",
            "license": [
                "LGPL-2.1"
            ],
            "authors": [
                {
                    "name": "Todd Burry",
                    "email": "todd@vanillaforums.com",
                    "role": "developer"
                }
            ],
            "description": "A jQuery like html dom parser written in php.",
            "keywords": [
                "dom",
                "ganon",
                "php"
            ],
            "time": "2016-01-14T20:55:00+00:00"
        },
        {
            "name": "voku/portable-ascii",
            "version": "1.5.2",
            "source": {
                "type": "git",
                "url": "https://github.com/voku/portable-ascii.git",
                "reference": "618631dc601d8eb6ea0a9fbf654ec82f066c4e97"
            },
            "dist": {
                "type": "zip",
                "url": "https://api.github.com/repos/voku/portable-ascii/zipball/618631dc601d8eb6ea0a9fbf654ec82f066c4e97",
                "reference": "618631dc601d8eb6ea0a9fbf654ec82f066c4e97",
                "shasum": ""
            },
            "require": {
                "php": ">=7.0.0"
            },
            "require-dev": {
                "phpunit/phpunit": "~6.0 || ~7.0"
            },
            "suggest": {
                "ext-intl": "Use Intl for transliterator_transliterate() support"
            },
            "type": "library",
            "autoload": {
                "psr-4": {
                    "voku\\": "src/voku/"
                }
            },
            "notification-url": "https://packagist.org/downloads/",
            "license": [
                "MIT"
            ],
            "authors": [
                {
                    "name": "Lars Moelleken",
                    "homepage": "http://www.moelleken.org/"
                }
            ],
            "description": "Portable ASCII library - performance optimized (ascii) string functions for php.",
            "homepage": "https://github.com/voku/portable-ascii",
            "keywords": [
                "ascii",
                "clean",
                "php"
            ],
            "time": "2020-06-15T23:49:30+00:00"
        },
        {
            "name": "voku/stop-words",
            "version": "2.0.1",
            "source": {
                "type": "git",
                "url": "https://github.com/voku/stop-words.git",
                "reference": "8e63c0af20f800b1600783764e0ce19e53969f71"
            },
            "dist": {
                "type": "zip",
                "url": "https://api.github.com/repos/voku/stop-words/zipball/8e63c0af20f800b1600783764e0ce19e53969f71",
                "reference": "8e63c0af20f800b1600783764e0ce19e53969f71",
                "shasum": ""
            },
            "require": {
                "php": ">=7.0.0"
            },
            "require-dev": {
                "phpunit/phpunit": "~6.0"
            },
            "type": "library",
            "autoload": {
                "psr-4": {
                    "voku\\": "src/voku/"
                }
            },
            "notification-url": "https://packagist.org/downloads/",
            "license": [
                "MIT"
            ],
            "authors": [
                {
                    "name": "Lars Moelleken",
                    "homepage": "http://www.moelleken.org/"
                }
            ],
            "description": "Stop-Words via PHP",
            "keywords": [
                "stop words",
                "stop-words"
            ],
            "time": "2018-11-23T01:37:27+00:00"
        }
    ],
    "packages-dev": [],
    "aliases": [],
    "minimum-stability": "stable",
    "stability-flags": {
        "pablodalloglio/ole": 20,
        "pablodalloglio/spreadsheet_excel_writer": 20
    },
    "prefer-stable": false,
    "prefer-lowest": false,
    "platform": [],
    "platform-dev": []
}
